// !$*UTF8*$!
{
	archiveVersion = 1;
	classes = {
	};
	objectVersion = 56;
	objects = {

/* Begin PBXBuildFile section */
		56809A90295BDEA90050EBBC /* AppDelegate.m in Sources */ = {isa = PBXBuildFile; fileRef = 56809A8F295BDEA90050EBBC /* AppDelegate.m */; };
		56809A93295BDEA90050EBBC /* SceneDelegate.m in Sources */ = {isa = PBXBuildFile; fileRef = 56809A92295BDEA90050EBBC /* SceneDelegate.m */; };
		56809A96295BDEA90050EBBC /* ViewController.m in Sources */ = {isa = PBXBuildFile; fileRef = 56809A95295BDEA90050EBBC /* ViewController.m */; };
		56809A99295BDEA90050EBBC /* Main.storyboard in Resources */ = {isa = PBXBuildFile; fileRef = 56809A97295BDEA90050EBBC /* Main.storyboard */; };
		56809A9B295BDEAB0050EBBC /* Assets.xcassets in Resources */ = {isa = PBXBuildFile; fileRef = 56809A9A295BDEAB0050EBBC /* Assets.xcassets */; };
		56809A9E295BDEAB0050EBBC /* LaunchScreen.storyboard in Resources */ = {isa = PBXBuildFile; fileRef = 56809A9C295BDEAB0050EBBC /* LaunchScreen.storyboard */; };
		56809AA1295BDEAB0050EBBC /* main.m in Sources */ = {isa = PBXBuildFile; fileRef = 56809AA0295BDEAB0050EBBC /* main.m */; };
		56809AB1295C05C50050EBBC /* UIViewController+MBShowUIData.m in Sources */ = {isa = PBXBuildFile; fileRef = 56809AB0295C05C50050EBBC /* UIViewController+MBShowUIData.m */; };
		56809AB5295C066C0050EBBC /* MBProgressHUD+JDragon.m in Sources */ = {isa = PBXBuildFile; fileRef = 56809AB4295C066C0050EBBC /* MBProgressHUD+JDragon.m */; };
		56809AB7295C06C40050EBBC /* MBProgressHUD+JDragon.bundle in Resources */ = {isa = PBXBuildFile; fileRef = 56809AB6295C06C40050EBBC /* MBProgressHUD+JDragon.bundle */; };
		56809AC0295C141D0050EBBC /* MBProgressHUD+MJ.m in Sources */ = {isa = PBXBuildFile; fileRef = 56809ABF295C141D0050EBBC /* MBProgressHUD+MJ.m */; };
		C4FDB4D06C19E8987F60E518 /* Pods_MBProgressHUD_demo.framework in Frameworks */ = {isa = PBXBuildFile; fileRef = 612D8C3B80B44AA52B6BA25B /* Pods_MBProgressHUD_demo.framework */; };
/* End PBXBuildFile section */

/* Begin PBXFileReference section */
		56809A8B295BDEA90050EBBC /* MBProgressHUD-demo.app */ = {isa = PBXFileReference; explicitFileType = wrapper.application; includeInIndex = 0; path = "MBProgressHUD-demo.app"; sourceTree = BUILT_PRODUCTS_DIR; };
		56809A8E295BDEA90050EBBC /* AppDelegate.h */ = {isa = PBXFileReference; lastKnownFileType = sourcecode.c.h; path = AppDelegate.h; sourceTree = "<group>"; };
		56809A8F295BDEA90050EBBC /* AppDelegate.m */ = {isa = PBXFileReference; lastKnownFileType = sourcecode.c.objc; path = AppDelegate.m; sourceTree = "<group>"; };
		56809A91295BDEA90050EBBC /* SceneDelegate.h */ = {isa = PBXFileReference; lastKnownFileType = sourcecode.c.h; path = SceneDelegate.h; sourceTree = "<group>"; };
		56809A92295BDEA90050EBBC /* SceneDelegate.m */ = {isa = PBXFileReference; lastKnownFileType = sourcecode.c.objc; path = SceneDelegate.m; sourceTree = "<group>"; };
		56809A94295BDEA90050EBBC /* ViewController.h */ = {isa = PBXFileReference; lastKnownFileType = sourcecode.c.h; path = ViewController.h; sourceTree = "<group>"; };
		56809A95295BDEA90050EBBC /* ViewController.m */ = {isa = PBXFileReference; lastKnownFileType = sourcecode.c.objc; path = ViewController.m; sourceTree = "<group>"; };
		56809A98295BDEA90050EBBC /* Base */ = {isa = PBXFileReference; lastKnownFileType = file.storyboard; name = Base; path = Base.lproj/Main.storyboard; sourceTree = "<group>"; };
		56809A9A295BDEAB0050EBBC /* Assets.xcassets */ = {isa = PBXFileReference; lastKnownFileType = folder.assetcatalog; path = Assets.xcassets; sourceTree = "<group>"; };
		56809A9D295BDEAB0050EBBC /* Base */ = {isa = PBXFileReference; lastKnownFileType = file.storyboard; name = Base; path = Base.lproj/LaunchScreen.storyboard; sourceTree = "<group>"; };
		56809A9F295BDEAB0050EBBC /* Info.plist */ = {isa = PBXFileReference; lastKnownFileType = text.plist.xml; path = Info.plist; sourceTree = "<group>"; };
		56809AA0295BDEAB0050EBBC /* main.m */ = {isa = PBXFileReference; lastKnownFileType = sourcecode.c.objc; path = main.m; sourceTree = "<group>"; };
		56809AAF295C05C50050EBBC /* UIViewController+MBShowUIData.h */ = {isa = PBXFileReference; lastKnownFileType = sourcecode.c.h; path = "UIViewController+MBShowUIData.h"; sourceTree = "<group>"; };
		56809AB0295C05C50050EBBC /* UIViewController+MBShowUIData.m */ = {isa = PBXFileReference; lastKnownFileType = sourcecode.c.objc; path = "UIViewController+MBShowUIData.m"; sourceTree = "<group>"; };
		56809AB3295C066C0050EBBC /* MBProgressHUD+JDragon.h */ = {isa = PBXFileReference; lastKnownFileType = sourcecode.c.h; path = "MBProgressHUD+JDragon.h"; sourceTree = "<group>"; };
		56809AB4295C066C0050EBBC /* MBProgressHUD+JDragon.m */ = {isa = PBXFileReference; lastKnownFileType = sourcecode.c.objc; path = "MBProgressHUD+JDragon.m"; sourceTree = "<group>"; };
		56809AB6295C06C40050EBBC /* MBProgressHUD+JDragon.bundle */ = {isa = PBXFileReference; lastKnownFileType = "wrapper.plug-in"; path = "MBProgressHUD+JDragon.bundle"; sourceTree = "<group>"; };
		56809ABE295C141D0050EBBC /* MBProgressHUD+MJ.h */ = {isa = PBXFileReference; lastKnownFileType = sourcecode.c.h; path = "MBProgressHUD+MJ.h"; sourceTree = "<group>"; };
		56809ABF295C141D0050EBBC /* MBProgressHUD+MJ.m */ = {isa = PBXFileReference; lastKnownFileType = sourcecode.c.objc; path = "MBProgressHUD+MJ.m"; sourceTree = "<group>"; };
		612D8C3B80B44AA52B6BA25B /* Pods_MBProgressHUD_demo.framework */ = {isa = PBXFileReference; explicitFileType = wrapper.framework; includeInIndex = 0; path = Pods_MBProgressHUD_demo.framework; sourceTree = BUILT_PRODUCTS_DIR; };
		91D1AA3E163717B486950E3E /* Pods-MBProgressHUD-demo.debug.xcconfig */ = {isa = PBXFileReference; includeInIndex = 1; lastKnownFileType = text.xcconfig; name = "Pods-MBProgressHUD-demo.debug.xcconfig"; path = "Target Support Files/Pods-MBProgressHUD-demo/Pods-MBProgressHUD-demo.debug.xcconfig"; sourceTree = "<group>"; };
		A5F0198C09751E4634BDC7F1 /* Pods-MBProgressHUD-demo.release.xcconfig */ = {isa = PBXFileReference; includeInIndex = 1; lastKnownFileType = text.xcconfig; name = "Pods-MBProgressHUD-demo.release.xcconfig"; path = "Target Support Files/Pods-MBProgressHUD-demo/Pods-MBProgressHUD-demo.release.xcconfig"; sourceTree = "<group>"; };
/* End PBXFileReference section */

/* Begin PBXFrameworksBuildPhase section */
		56809A88295BDEA90050EBBC /* Frameworks */ = {
			isa = PBXFrameworksBuildPhase;
			buildActionMask = 2147483647;
			files = (
				C4FDB4D06C19E8987F60E518 /* Pods_MBProgressHUD_demo.framework in Frameworks */,
			);
			runOnlyForDeploymentPostprocessing = 0;
		};
/* End PBXFrameworksBuildPhase section */

/* Begin PBXGroup section */
		23140564C3E42B7A345FB321 /* Frameworks */ = {
			isa = PBXGroup;
			children = (
				612D8C3B80B44AA52B6BA25B /* Pods_MBProgressHUD_demo.framework */,
			);
			name = Frameworks;
			sourceTree = "<group>";
		};
		56809A82295BDEA90050EBBC = {
			isa = PBXGroup;
			children = (
				56809A8D295BDEA90050EBBC /* MBProgressHUD-demo */,
				56809A8C295BDEA90050EBBC /* Products */,
				B78BDFD8953F310297F6DDCC /* Pods */,
				23140564C3E42B7A345FB321 /* Frameworks */,
			);
			sourceTree = "<group>";
		};
		56809A8C295BDEA90050EBBC /* Products */ = {
			isa = PBXGroup;
			children = (
				56809A8B295BDEA90050EBBC /* MBProgressHUD-demo.app */,
			);
			name = Products;
			sourceTree = "<group>";
		};
		56809A8D295BDEA90050EBBC /* MBProgressHUD-demo */ = {
			isa = PBXGroup;
			children = (
				56809AAD295C05A00050EBBC /* custom */,
				56809A8E295BDEA90050EBBC /* AppDelegate.h */,
				56809A8F295BDEA90050EBBC /* AppDelegate.m */,
				56809A91295BDEA90050EBBC /* SceneDelegate.h */,
				56809A92295BDEA90050EBBC /* SceneDelegate.m */,
				56809A94295BDEA90050EBBC /* ViewController.h */,
				56809A95295BDEA90050EBBC /* ViewController.m */,
				56809A97295BDEA90050EBBC /* Main.storyboard */,
				56809A9A295BDEAB0050EBBC /* Assets.xcassets */,
				56809A9C295BDEAB0050EBBC /* LaunchScreen.storyboard */,
				56809A9F295BDEAB0050EBBC /* Info.plist */,
				56809AA0295BDEAB0050EBBC /* main.m */,
			);
			path = "MBProgressHUD-demo";
			sourceTree = "<group>";
		};
		56809AAD295C05A00050EBBC /* custom */ = {
			isa = PBXGroup;
			children = (
				56809AAE295C05AA0050EBBC /* category */,
			);
			path = custom;
			sourceTree = "<group>";
		};
		56809AAE295C05AA0050EBBC /* category */ = {
			isa = PBXGroup;
			children = (
				56809AB2295C06480050EBBC /* MBProgressHUD+JDragon */,
				56809AAF295C05C50050EBBC /* UIViewController+MBShowUIData.h */,
				56809AB0295C05C50050EBBC /* UIViewController+MBShowUIData.m */,
				56809ABE295C141D0050EBBC /* MBProgressHUD+MJ.h */,
				56809ABF295C141D0050EBBC /* MBProgressHUD+MJ.m */,
			);
			path = category;
			sourceTree = "<group>";
		};
		56809AB2295C06480050EBBC /* MBProgressHUD+JDragon */ = {
			isa = PBXGroup;
			children = (
				56809AB3295C066C0050EBBC /* MBProgressHUD+JDragon.h */,
				56809AB4295C066C0050EBBC /* MBProgressHUD+JDragon.m */,
				56809AB6295C06C40050EBBC /* MBProgressHUD+JDragon.bundle */,
			);
			path = "MBProgressHUD+JDragon";
			sourceTree = "<group>";
		};
		B78BDFD8953F310297F6DDCC /* Pods */ = {
			isa = PBXGroup;
			children = (
				91D1AA3E163717B486950E3E /* Pods-MBProgressHUD-demo.debug.xcconfig */,
				A5F0198C09751E4634BDC7F1 /* Pods-MBProgressHUD-demo.release.xcconfig */,
			);
			path = Pods;
			sourceTree = "<group>";
		};
/* End PBXGroup section */

/* Begin PBXNativeTarget section */
		56809A8A295BDEA90050EBBC /* MBProgressHUD-demo */ = {
			isa = PBXNativeTarget;
			buildConfigurationList = 56809AA4295BDEAB0050EBBC /* Build configuration list for PBXNativeTarget "MBProgressHUD-demo" */;
			buildPhases = (
				3C8FD390D85012D9F822664F /* [CP] Check Pods Manifest.lock */,
				56809A87295BDEA90050EBBC /* Sources */,
				56809A88295BDEA90050EBBC /* Frameworks */,
				56809A89295BDEA90050EBBC /* Resources */,
				94FC192AFC94C9E20FF3B4B5 /* [CP] Embed Pods Frameworks */,
			);
			buildRules = (
			);
			dependencies = (
			);
			name = "MBProgressHUD-demo";
			productName = "MBProgressHUD-demo";
			productReference = 56809A8B295BDEA90050EBBC /* MBProgressHUD-demo.app */;
			productType = "com.apple.product-type.application";
		};
/* End PBXNativeTarget section */

/* Begin PBXProject section */
		56809A83295BDEA90050EBBC /* Project object */ = {
			isa = PBXProject;
			attributes = {
				BuildIndependentTargetsInParallel = 1;
				LastUpgradeCheck = 1420;
				TargetAttributes = {
					56809A8A295BDEA90050EBBC = {
						CreatedOnToolsVersion = 14.2;
					};
				};
			};
			buildConfigurationList = 56809A86295BDEA90050EBBC /* Build configuration list for PBXProject "MBProgressHUD-demo" */;
			compatibilityVersion = "Xcode 14.0";
			developmentRegion = en;
			hasScannedForEncodings = 0;
			knownRegions = (
				en,
				Base,
			);
			mainGroup = 56809A82295BDEA90050EBBC;
			productRefGroup = 56809A8C295BDEA90050EBBC /* Products */;
			projectDirPath = "";
			projectRoot = "";
			targets = (
				56809A8A295BDEA90050EBBC /* MBProgressHUD-demo */,
			);
		};
/* End PBXProject section */

/* Begin PBXResourcesBuildPhase section */
		56809A89295BDEA90050EBBC /* Resources */ = {
			isa = PBXResourcesBuildPhase;
			buildActionMask = 2147483647;
			files = (
				56809AB7295C06C40050EBBC /* MBProgressHUD+JDragon.bundle in Resources */,
				56809A9E295BDEAB0050EBBC /* LaunchScreen.storyboard in Resources */,
				56809A9B295BDEAB0050EBBC /* Assets.xcassets in Resources */,
				56809A99295BDEA90050EBBC /* Main.storyboard in Resources */,
			);
			runOnlyForDeploymentPostprocessing = 0;
		};
/* End PBXResourcesBuildPhase section */

/* Begin PBXShellScriptBuildPhase section */
		3C8FD390D85012D9F822664F /* [CP] Check Pods Manifest.lock */ = {
			isa = PBXShellScriptBuildPhase;
			buildActionMask = 2147483647;
			files = (
			);
			inputFileListPaths = (
			);
			inputPaths = (
				"${PODS_PODFILE_DIR_PATH}/Podfile.lock",
				"${PODS_ROOT}/Manifest.lock",
			);
			name = "[CP] Check Pods Manifest.lock";
			outputFileListPaths = (
			);
			outputPaths = (
				"$(DERIVED_FILE_DIR)/Pods-MBProgressHUD-demo-checkManifestLockResult.txt",
			);
			runOnlyForDeploymentPostprocessing = 0;
			shellPath = /bin/sh;
			shellScript = "diff \"${PODS_PODFILE_DIR_PATH}/Podfile.lock\" \"${PODS_ROOT}/Manifest.lock\" > /dev/null\nif [ $? != 0 ] ; then\n    # print error to STDERR\n    echo \"error: The sandbox is not in sync with the Podfile.lock. Run 'pod install' or update your CocoaPods installation.\" >&2\n    exit 1\nfi\n# This output is used by Xcode 'outputs' to avoid re-running this script phase.\necho \"SUCCESS\" > \"${SCRIPT_OUTPUT_FILE_0}\"\n";
			showEnvVarsInLog = 0;
		};
		94FC192AFC94C9E20FF3B4B5 /* [CP] Embed Pods Frameworks */ = {
			isa = PBXShellScriptBuildPhase;
			buildActionMask = 2147483647;
			files = (
			);
			inputFileListPaths = (
				"${PODS_ROOT}/Target Support Files/Pods-MBProgressHUD-demo/Pods-MBProgressHUD-demo-frameworks-${CONFIGURATION}-input-files.xcfilelist",
			);
			name = "[CP] Embed Pods Frameworks";
			outputFileListPaths = (
				"${PODS_ROOT}/Target Support Files/Pods-MBProgressHUD-demo/Pods-MBProgressHUD-demo-frameworks-${CONFIGURATION}-output-files.xcfilelist",
			);
			runOnlyForDeploymentPostprocessing = 0;
			shellPath = /bin/sh;
			shellScript = "\"${PODS_ROOT}/Target Support Files/Pods-MBProgressHUD-demo/Pods-MBProgressHUD-demo-frameworks.sh\"\n";
			showEnvVarsInLog = 0;
		};
/* End PBXShellScriptBuildPhase section */

/* Begin PBXSourcesBuildPhase section */
		56809A87295BDEA90050EBBC /* Sources */ = {
			isa = PBXSourcesBuildPhase;
			buildActionMask = 2147483647;
			files = (
				56809A96295BDEA90050EBBC /* ViewController.m in Sources */,
				56809AB5295C066C0050EBBC /* MBProgressHUD+JDragon.m in Sources */,
				56809A90295BDEA90050EBBC /* AppDelegate.m in Sources */,
				56809AA1295BDEAB0050EBBC /* main.m in Sources */,
				56809AC0295C141D0050EBBC /* MBProgressHUD+MJ.m in Sources */,
				56809A93295BDEA90050EBBC /* SceneDelegate.m in Sources */,
				56809AB1295C05C50050EBBC /* UIViewController+MBShowUIData.m in Sources */,
			);
			runOnlyForDeploymentPostprocessing = 0;
		};
/* End PBXSourcesBuildPhase section */

/* Begin PBXVariantGroup section */
		56809A97295BDEA90050EBBC /* Main.storyboard */ = {
			isa = PBXVariantGroup;
			children = (
				56809A98295BDEA90050EBBC /* Base */,
			);
			name = Main.storyboard;
			sourceTree = "<group>";
		};
		56809A9C295BDEAB0050EBBC /* LaunchScreen.storyboard */ = {
			isa = PBXVariantGroup;
			children = (
				56809A9D295BDEAB0050EBBC /* Base */,
			);
			name = LaunchScreen.storyboard;
			sourceTree = "<group>";
		};
/* End PBXVariantGroup section */

/* Begin XCBuildConfiguration section */
		56809AA2295BDEAB0050EBBC /* Debug */ = {
			isa = XCBuildConfiguration;
			buildSettings = {
				ALWAYS_SEARCH_USER_PATHS = NO;
				CLANG_ANALYZER_NONNULL = YES;
				CLANG_ANALYZER_NUMBER_OBJECT_CONVERSION = YES_AGGRESSIVE;
				CLANG_CXX_LANGUAGE_STANDARD = "gnu++20";
				CLANG_ENABLE_MODULES = YES;
				CLANG_ENABLE_OBJC_ARC = YES;
				CLANG_ENABLE_OBJC_WEAK = YES;
				CLANG_WARN_BLOCK_CAPTURE_AUTORELEASING = YES;
				CLANG_WARN_BOOL_CONVERSION = YES;
				CLANG_WARN_COMMA = YES;
				CLANG_WARN_CONSTANT_CONVERSION = YES;
				CLANG_WARN_DEPRECATED_OBJC_IMPLEMENTATIONS = YES;
				CLANG_WARN_DIRECT_OBJC_ISA_USAGE = YES_ERROR;
				CLANG_WARN_DOCUMENTATION_COMMENTS = YES;
				CLANG_WARN_EMPTY_BODY = YES;
				CLANG_WARN_ENUM_CONVERSION = YES;
				CLANG_WARN_INFINITE_RECURSION = YES;
				CLANG_WARN_INT_CONVERSION = YES;
				CLANG_WARN_NON_LITERAL_NULL_CONVERSION = YES;
				CLANG_WARN_OBJC_IMPLICIT_RETAIN_SELF = YES;
				CLANG_WARN_OBJC_LITERAL_CONVERSION = YES;
				CLANG_WARN_OBJC_ROOT_CLASS = YES_ERROR;
				CLANG_WARN_QUOTED_INCLUDE_IN_FRAMEWORK_HEADER = YES;
				CLANG_WARN_RANGE_LOOP_ANALYSIS = YES;
				CLANG_WARN_STRICT_PROTOTYPES = YES;
				CLANG_WARN_SUSPICIOUS_MOVE = YES;
				CLANG_WARN_UNGUARDED_AVAILABILITY = YES_AGGRESSIVE;
				CLANG_WARN_UNREACHABLE_CODE = YES;
				CLANG_WARN__DUPLICATE_METHOD_MATCH = YES;
				COPY_PHASE_STRIP = NO;
				DEBUG_INFORMATION_FORMAT = dwarf;
				ENABLE_STRICT_OBJC_MSGSEND = YES;
				ENABLE_TESTABILITY = YES;
				GCC_C_LANGUAGE_STANDARD = gnu11;
				GCC_DYNAMIC_NO_PIC = NO;
				GCC_NO_COMMON_BLOCKS = YES;
				GCC_OPTIMIZATION_LEVEL = 0;
				GCC_PREPROCESSOR_DEFINITIONS = (
					"DEBUG=1",
					"$(inherited)",
				);
				GCC_WARN_64_TO_32_BIT_CONVERSION = YES;
				GCC_WARN_ABOUT_RETURN_TYPE = YES_ERROR;
				GCC_WARN_UNDECLARED_SELECTOR = YES;
				GCC_WARN_UNINITIALIZED_AUTOS = YES_AGGRESSIVE;
				GCC_WARN_UNUSED_FUNCTION = YES;
				GCC_WARN_UNUSED_VARIABLE = YES;
				IPHONEOS_DEPLOYMENT_TARGET = 11.0;
				MTL_ENABLE_DEBUG_INFO = INCLUDE_SOURCE;
				MTL_FAST_MATH = YES;
				ONLY_ACTIVE_ARCH = YES;
				SDKROOT = iphoneos;
			};
			name = Debug;
		};
		56809AA3295BDEAB0050EBBC /* Release */ = {
			isa = XCBuildConfiguration;
			buildSettings = {
				ALWAYS_SEARCH_USER_PATHS = NO;
				CLANG_ANALYZER_NONNULL = YES;
				CLANG_ANALYZER_NUMBER_OBJECT_CONVERSION = YES_AGGRESSIVE;
				CLANG_CXX_LANGUAGE_STANDARD = "gnu++20";
				CLANG_ENABLE_MODULES = YES;
				CLANG_ENABLE_OBJC_ARC = YES;
				CLANG_ENABLE_OBJC_WEAK = YES;
				CLANG_WARN_BLOCK_CAPTURE_AUTORELEASING = YES;
				CLANG_WARN_BOOL_CONVERSION = YES;
				CLANG_WARN_COMMA = YES;
				CLANG_WARN_CONSTANT_CONVERSION = YES;
				CLANG_WARN_DEPRECATED_OBJC_IMPLEMENTATIONS = YES;
				CLANG_WARN_DIRECT_OBJC_ISA_USAGE = YES_ERROR;
				CLANG_WARN_DOCUMENTATION_COMMENTS = YES;
				CLANG_WARN_EMPTY_BODY = YES;
				CLANG_WARN_ENUM_CONVERSION = YES;
				CLANG_WARN_INFINITE_RECURSION = YES;
				CLANG_WARN_INT_CONVERSION = YES;
				CLANG_WARN_NON_LITERAL_NULL_CONVERSION = YES;
				CLANG_WARN_OBJC_IMPLICIT_RETAIN_SELF = YES;
				CLANG_WARN_OBJC_LITERAL_CONVERSION = YES;
				CLANG_WARN_OBJC_ROOT_CLASS = YES_ERROR;
				CLANG_WARN_QUOTED_INCLUDE_IN_FRAMEWORK_HEADER = YES;
				CLANG_WARN_RANGE_LOOP_ANALYSIS = YES;
				CLANG_WARN_STRICT_PROTOTYPES = YES;
				CLANG_WARN_SUSPICIOUS_MOVE = YES;
				CLANG_WARN_UNGUARDED_AVAILABILITY = YES_AGGRESSIVE;
				CLANG_WARN_UNREACHABLE_CODE = YES;
				CLANG_WARN__DUPLICATE_METHOD_MATCH = YES;
				COPY_PHASE_STRIP = NO;
				DEBUG_INFORMATION_FORMAT = "dwarf-with-dsym";
				ENABLE_NS_ASSERTIONS = NO;
				ENABLE_STRICT_OBJC_MSGSEND = YES;
				GCC_C_LANGUAGE_STANDARD = gnu11;
				GCC_NO_COMMON_BLOCKS = YES;
				GCC_WARN_64_TO_32_BIT_CONVERSION = YES;
				GCC_WARN_ABOUT_RETURN_TYPE = YES_ERROR;
				GCC_WARN_UNDECLARED_SELECTOR = YES;
				GCC_WARN_UNINITIALIZED_AUTOS = YES_AGGRESSIVE;
				GCC_WARN_UNUSED_FUNCTION = YES;
				GCC_WARN_UNUSED_VARIABLE = YES;
				IPHONEOS_DEPLOYMENT_TARGET = 11.0;
				MTL_ENABLE_DEBUG_INFO = NO;
				MTL_FAST_MATH = YES;
				SDKROOT = iphoneos;
				VALIDATE_PRODUCT = YES;
			};
			name = Release;
		};
		56809AA5295BDEAB0050EBBC /* Debug */ = {
			isa = XCBuildConfiguration;
			baseConfigurationReference = 91D1AA3E163717B486950E3E /* Pods-MBProgressHUD-demo.debug.xcconfig */;
			buildSettings = {
				ASSETCATALOG_COMPILER_APPICON_NAME = AppIcon;
				ASSETCATALOG_COMPILER_GLOBAL_ACCENT_COLOR_NAME = AccentColor;
				CODE_SIGN_STYLE = Automatic;
				CURRENT_PROJECT_VERSION = 1;
				DEVELOPMENT_TEAM = KGSPDHRADD;
				GENERATE_INFOPLIST_FILE = YES;
				INFOPLIST_FILE = "MBProgressHUD-demo/Info.plist";
				INFOPLIST_KEY_UIApplicationSupportsIndirectInputEvents = YES;
				INFOPLIST_KEY_UILaunchStoryboardName = LaunchScreen;
				INFOPLIST_KEY_UIMainStoryboardFile = Main;
				INFOPLIST_KEY_UISupportedInterfaceOrientations_iPad = "UIInterfaceOrientationPortrait UIInterfaceOrientationPortraitUpsideDown UIInterfaceOrientationLandscapeLeft UIInterfaceOrientationLandscapeRight";
				INFOPLIST_KEY_UISupportedInterfaceOrientations_iPhone = "UIInterfaceOrientationPortrait UIInterfaceOrientationLandscapeLeft UIInterfaceOrientationLandscapeRight";
				IPHONEOS_DEPLOYMENT_TARGET = 11.0;
				LD_RUNPATH_SEARCH_PATHS = (
					"$(inherited)",
					"@executable_path/Frameworks",
				);
				MARKETING_VERSION = 1.0;
				PRODUCT_BUNDLE_IDENTIFIER = "zhenhe.li.iosapp.MBProgressHUD-demo";
				PRODUCT_NAME = "$(TARGET_NAME)";
				SWIFT_EMIT_LOC_STRINGS = YES;
				TARGETED_DEVICE_FAMILY = "1,2";
			};
			name = Debug;
		};
		56809AA6295BDEAB0050EBBC /* Release */ = {
			isa = XCBuildConfiguration;
			baseConfigurationReference = A5F0198C09751E4634BDC7F1 /* Pods-MBProgressHUD-demo.release.xcconfig */;
			buildSettings = {
				ASSETCATALOG_COMPILER_APPICON_NAME = AppIcon;
				ASSETCATALOG_COMPILER_GLOBAL_ACCENT_COLOR_NAME = AccentColor;
				CODE_SIGN_STYLE = Automatic;
				CURRENT_PROJECT_VERSION = 1;
				DEVELOPMENT_TEAM = KGSPDHRADD;
				GENERATE_INFOPLIST_FILE = YES;
				INFOPLIST_FILE = "MBProgressHUD-demo/Info.plist";
				INFOPLIST_KEY_UIApplicationSupportsIndirectInputEvents = YES;
				INFOPLIST_KEY_UILaunchStoryboardName = LaunchScreen;
				INFOPLIST_KEY_UIMainStoryboardFile = Main;
				INFOPLIST_KEY_UISupportedInterfaceOrientations_iPad = "UIInterfaceOrientationPortrait UIInterfaceOrientationPortraitUpsideDown UIInterfaceOrientationLandscapeLeft UIInterfaceOrientationLandscapeRight";
				INFOPLIST_KEY_UISupportedInterfaceOrientations_iPhone = "UIInterfaceOrientationPortrait UIInterfaceOrientationLandscapeLeft UIInterfaceOrientationLandscapeRight";
				IPHONEOS_DEPLOYMENT_TARGET = 11.0;
				LD_RUNPATH_SEARCH_PATHS = (
					"$(inherited)",
					"@executable_path/Frameworks",
				);
				MARKETING_VERSION = 1.0;
				PRODUCT_BUNDLE_IDENTIFIER = "zhenhe.li.iosapp.MBProgressHUD-demo";
				PRODUCT_NAME = "$(TARGET_NAME)";
				SWIFT_EMIT_LOC_STRINGS = YES;
				TARGETED_DEVICE_FAMILY = "1,2";
			};
			name = Release;
		};
/* End XCBuildConfiguration section */

/* Begin XCConfigurationList section */
		56809A86295BDEA90050EBBC /* Build configuration list for PBXProject "MBProgressHUD-demo" */ = {
			isa = XCConfigurationList;
			buildConfigurations = (
				56809AA2295BDEAB0050EBBC /* Debug */,
				56809AA3295BDEAB0050EBBC /* Release */,
			);
			defaultConfigurationIsVisible = 0;
			defaultConfigurationName = Release;
		};
		56809AA4295BDEAB0050EBBC /* Build configuration list for PBXNativeTarget "MBProgressHUD-demo" */ = {
			isa = XCConfigurationList;
			buildConfigurations = (
				56809AA5295BDEAB0050EBBC /* Debug */,
				56809AA6295BDEAB0050EBBC /* Release */,
			);
			defaultConfigurationIsVisible = 0;
			defaultConfigurationName = Release;
		};
/* End XCConfigurationList section */
	};
	rootObject = 56809A83295BDEA90050EBBC /* Project object */;
}
